
Microsoft Visual Studio Solution File, Format Version 12.00
# Visual Studio Version 17
VisualStudioVersion = 17.2.32616.157
MinimumVisualStudioVersion = 10.0.40219.1
Project("{FAE04EC0-301F-11D3-BF4B-00C04F79EFBC}") = "csci2910_lab4", "csci2910_lab4\csci2910_lab4.csproj", "{839C3737-8A99-4293-B60F-F82660E50146}"
EndProject
Global
	GlobalSection(SolutionConfigurationPlatforms) = preSolution
		Debug|Any CPU = Debug|Any CPU
		Release|Any CPU = Release|Any CPU
	EndGlobalSection
	GlobalSection(ProjectConfigurationPlatforms) = postSolution
		{839C3737-8A99-4293-B60F-F82660E50146}.Debug|Any CPU.ActiveCfg = Debug|Any CPU
		{839C3737-8A99-4293-B60F-F82660E50146}.Debug|Any CPU.Build.0 = Debug|Any CPU
		{839C3737-8A99-4293-B60F-F82660E50146}.Release|Any CPU.ActiveCfg = Release|Any CPU
		{839C3737-8A99-4293-B60F-F82660E50146}.Release|Any CPU.Build.0 = Release|Any CPU
	EndGlobalSection
	GlobalSection(SolutionProperties) = preSolution
		HideSolutionNode = FALSE
	EndGlobalSection
	GlobalSection(ExtensibilityGlobals) = postSolution
		SolutionGuid = {C4A86982-9247-4061-8EFC-D9941A93A1B4}
	EndGlobalSection
EndGlobal
